// !$*UTF8*$!
{
	archiveVersion = 1;
	classes = {
	};
	objectVersion = 63;
	objects = {

/* Begin PBXBuildFile section */
		0312408AE3743277C67B9D9D /* PlannerModels.swift in Sources */ = {isa = PBXBuildFile; fileRef = CC0809794E013A1894A3280E /* PlannerModels.swift */; };
		0BBA4E993593BBC6C84DB8EF /* ToolbarOverflowPanel.swift in Sources */ = {isa = PBXBuildFile; fileRef = E08D888C7541DDDF481E4980 /* ToolbarOverflowPanel.swift */; };
		19930864D32F6AD6B6B9DFB0 /* RootPlannerView.swift in Sources */ = {isa = PBXBuildFile; fileRef = 5FBE7D2E78594C1D7BE7D34F /* RootPlannerView.swift */; };
		22713CC0EB139036B402ED91 /* SpreadScaffoldView.swift in Sources */ = {isa = PBXBuildFile; fileRef = 68D3822BC5ACD67DC6318A91 /* SpreadScaffoldView.swift */; };
		343E824C17EBE4BADF04070C /* DotGridBackground.swift in Sources */ = {isa = PBXBuildFile; fileRef = 3DAE4C2F094469D909E1615C /* DotGridBackground.swift */; };
		3FE28F86434E5ED196E6A367 /* PlannerTheme.swift in Sources */ = {isa = PBXBuildFile; fileRef = 71F7EBC9983DE161545F962C /* PlannerTheme.swift */; };
		40037BCD98AFC69BCF4BD9F1 /* CalendarMath.swift in Sources */ = {isa = PBXBuildFile; fileRef = 631B7F7A15570C0A037975CA /* CalendarMath.swift */; };
		61C98F7960D913A398A6C4F7 /* PlannerPageSurface.swift in Sources */ = {isa = PBXBuildFile; fileRef = F922033C15F516964C46E395 /* PlannerPageSurface.swift */; };
		7C61931018C472B582639200 /* WeekTabsView.swift in Sources */ = {isa = PBXBuildFile; fileRef = 882973B39EC3ECEFA71F3726 /* WeekTabsView.swift */; };
		85B3056EA884CA2A170F8F68 /* InkCanvasView.swift in Sources */ = {isa = PBXBuildFile; fileRef = 0A58744429E08DE206BAA756 /* InkCanvasView.swift */; };
		8CC7CE04C47AC2B5F9656875 /* NotesSpreadView.swift in Sources */ = {isa = PBXBuildFile; fileRef = 32F995903B5F6C8D7427A34C /* NotesSpreadView.swift */; };
		9B3F21BC8AE2E2B75C37A1D4 /* Color+Hex.swift in Sources */ = {isa = PBXBuildFile; fileRef = 8FAC6C7C8DD568D9FE48102F /* Color+Hex.swift */; };
		ABCED5A6B30EB690A82E6E4E /* PlannerStore.swift in Sources */ = {isa = PBXBuildFile; fileRef = 260734B52A056A18E50C94D0 /* PlannerStore.swift */; };
		AC86E4D3586CB5F9B966A381 /* ThreeFingerUndoGestureBridge.swift in Sources */ = {isa = PBXBuildFile; fileRef = 68CF0A7BA8475A0E8D6E2D8A /* ThreeFingerUndoGestureBridge.swift */; };
		C2A4E1E7AF32D852F64F0B04 /* FloatingToolbarView.swift in Sources */ = {isa = PBXBuildFile; fileRef = C4D2FEF8A7007A5A2601B047 /* FloatingToolbarView.swift */; };
		C4DF1A27584C24CB20C42880 /* PlannerStageView.swift in Sources */ = {isa = PBXBuildFile; fileRef = 12E7356C76FB335F15B7B71A /* PlannerStageView.swift */; };
		C994866F4C43300AB6F3A586 /* PlannerNativeApp.swift in Sources */ = {isa = PBXBuildFile; fileRef = 0DB3DA874F20C5FDB5FE2099 /* PlannerNativeApp.swift */; };
		CA9DF6B743E3911D9A2E0B8C /* PencilInteractionBridge.swift in Sources */ = {isa = PBXBuildFile; fileRef = D6E9A820D8F68725B48CF050 /* PencilInteractionBridge.swift */; };
		D7BD137EE309A52DF4FA1387 /* StickyNoteView.swift in Sources */ = {isa = PBXBuildFile; fileRef = 51280FE66AA8014A180241B7 /* StickyNoteView.swift */; };
		E10D98874FA600B097011D9D /* MonthWeekSpreadView.swift in Sources */ = {isa = PBXBuildFile; fileRef = 2B18F24E25E50A2C16A10D47 /* MonthWeekSpreadView.swift */; };
		E15D4DF1F0BDF34141A66690 /* MonthTabsView.swift in Sources */ = {isa = PBXBuildFile; fileRef = 2F8D81133CE1ACB1B8C94B08 /* MonthTabsView.swift */; };
		F264C81CB372E0790D5A1AD6 /* PageInteractionLayer.swift in Sources */ = {isa = PBXBuildFile; fileRef = 8A31A4E3FD285A700F0BA794 /* PageInteractionLayer.swift */; };
		FC9F0FB05E2EE710C0D7F9A6 /* PlanningSpreadView.swift in Sources */ = {isa = PBXBuildFile; fileRef = 11E0B711A412B754B684BEE7 /* PlanningSpreadView.swift */; };
/* End PBXBuildFile section */

/* Begin PBXFileReference section */
		0A58744429E08DE206BAA756 /* InkCanvasView.swift */ = {isa = PBXFileReference; lastKnownFileType = sourcecode.swift; path = InkCanvasView.swift; sourceTree = "<group>"; };
		0DB3DA874F20C5FDB5FE2099 /* PlannerNativeApp.swift */ = {isa = PBXFileReference; lastKnownFileType = sourcecode.swift; path = PlannerNativeApp.swift; sourceTree = "<group>"; };
		11E0B711A412B754B684BEE7 /* PlanningSpreadView.swift */ = {isa = PBXFileReference; lastKnownFileType = sourcecode.swift; path = PlanningSpreadView.swift; sourceTree = "<group>"; };
		12E7356C76FB335F15B7B71A /* PlannerStageView.swift */ = {isa = PBXFileReference; lastKnownFileType = sourcecode.swift; path = PlannerStageView.swift; sourceTree = "<group>"; };
		260734B52A056A18E50C94D0 /* PlannerStore.swift */ = {isa = PBXFileReference; lastKnownFileType = sourcecode.swift; path = PlannerStore.swift; sourceTree = "<group>"; };
		2B18F24E25E50A2C16A10D47 /* MonthWeekSpreadView.swift */ = {isa = PBXFileReference; lastKnownFileType = sourcecode.swift; path = MonthWeekSpreadView.swift; sourceTree = "<group>"; };
		2DA6A966082EA97562ABC129 /* OnPurposePlannerNative.app */ = {isa = PBXFileReference; explicitFileType = wrapper.application; includeInIndex = 0; path = OnPurposePlannerNative.app; sourceTree = BUILT_PRODUCTS_DIR; };
		2F8D81133CE1ACB1B8C94B08 /* MonthTabsView.swift */ = {isa = PBXFileReference; lastKnownFileType = sourcecode.swift; path = MonthTabsView.swift; sourceTree = "<group>"; };
		32F995903B5F6C8D7427A34C /* NotesSpreadView.swift */ = {isa = PBXFileReference; lastKnownFileType = sourcecode.swift; path = NotesSpreadView.swift; sourceTree = "<group>"; };
		361B3B6F5C4A218810D7FC0A /* Info.plist */ = {isa = PBXFileReference; lastKnownFileType = text.plist; path = Info.plist; sourceTree = "<group>"; };
		3DAE4C2F094469D909E1615C /* DotGridBackground.swift */ = {isa = PBXFileReference; lastKnownFileType = sourcecode.swift; path = DotGridBackground.swift; sourceTree = "<group>"; };
		51280FE66AA8014A180241B7 /* StickyNoteView.swift */ = {isa = PBXFileReference; lastKnownFileType = sourcecode.swift; path = StickyNoteView.swift; sourceTree = "<group>"; };
		5FBE7D2E78594C1D7BE7D34F /* RootPlannerView.swift */ = {isa = PBXFileReference; lastKnownFileType = sourcecode.swift; path = RootPlannerView.swift; sourceTree = "<group>"; };
		631B7F7A15570C0A037975CA /* CalendarMath.swift */ = {isa = PBXFileReference; lastKnownFileType = sourcecode.swift; path = CalendarMath.swift; sourceTree = "<group>"; };
		68CF0A7BA8475A0E8D6E2D8A /* ThreeFingerUndoGestureBridge.swift */ = {isa = PBXFileReference; lastKnownFileType = sourcecode.swift; path = ThreeFingerUndoGestureBridge.swift; sourceTree = "<group>"; };
		68D3822BC5ACD67DC6318A91 /* SpreadScaffoldView.swift */ = {isa = PBXFileReference; lastKnownFileType = sourcecode.swift; path = SpreadScaffoldView.swift; sourceTree = "<group>"; };
		71F7EBC9983DE161545F962C /* PlannerTheme.swift */ = {isa = PBXFileReference; lastKnownFileType = sourcecode.swift; path = PlannerTheme.swift; sourceTree = "<group>"; };
		882973B39EC3ECEFA71F3726 /* WeekTabsView.swift */ = {isa = PBXFileReference; lastKnownFileType = sourcecode.swift; path = WeekTabsView.swift; sourceTree = "<group>"; };
		8A31A4E3FD285A700F0BA794 /* PageInteractionLayer.swift */ = {isa = PBXFileReference; lastKnownFileType = sourcecode.swift; path = PageInteractionLayer.swift; sourceTree = "<group>"; };
		8FAC6C7C8DD568D9FE48102F /* Color+Hex.swift */ = {isa = PBXFileReference; lastKnownFileType = sourcecode.swift; path = "Color+Hex.swift"; sourceTree = "<group>"; };
		C4D2FEF8A7007A5A2601B047 /* FloatingToolbarView.swift */ = {isa = PBXFileReference; lastKnownFileType = sourcecode.swift; path = FloatingToolbarView.swift; sourceTree = "<group>"; };
		CC0809794E013A1894A3280E /* PlannerModels.swift */ = {isa = PBXFileReference; lastKnownFileType = sourcecode.swift; path = PlannerModels.swift; sourceTree = "<group>"; };
		D6E9A820D8F68725B48CF050 /* PencilInteractionBridge.swift */ = {isa = PBXFileReference; lastKnownFileType = sourcecode.swift; path = PencilInteractionBridge.swift; sourceTree = "<group>"; };
		E08D888C7541DDDF481E4980 /* ToolbarOverflowPanel.swift */ = {isa = PBXFileReference; lastKnownFileType = sourcecode.swift; path = ToolbarOverflowPanel.swift; sourceTree = "<group>"; };
		F922033C15F516964C46E395 /* PlannerPageSurface.swift */ = {isa = PBXFileReference; lastKnownFileType = sourcecode.swift; path = PlannerPageSurface.swift; sourceTree = "<group>"; };
/* End PBXFileReference section */

/* Begin PBXGroup section */
		0F5B50FEB15C1EB964DC45EF /* Canvas */ = {
			isa = PBXGroup;
			children = (
				0A58744429E08DE206BAA756 /* InkCanvasView.swift */,
				8A31A4E3FD285A700F0BA794 /* PageInteractionLayer.swift */,
				F922033C15F516964C46E395 /* PlannerPageSurface.swift */,
				51280FE66AA8014A180241B7 /* StickyNoteView.swift */,
			);
			path = Canvas;
			sourceTree = "<group>";
		};
		2E477F382ECACE311DE837F3 /* OnPurposePlannerNative */ = {
			isa = PBXGroup;
			children = (
				361B3B6F5C4A218810D7FC0A /* Info.plist */,
				0DB3DA874F20C5FDB5FE2099 /* PlannerNativeApp.swift */,
				570F0316BD7C3476ED6D221D /* Core */,
				BC357D27AF55E2AFDF09A79C /* UI */,
			);
			path = OnPurposePlannerNative;
			sourceTree = "<group>";
		};
		32D7534FDF51B011EE554FD9 /* Spreads */ = {
			isa = PBXGroup;
			children = (
				2B18F24E25E50A2C16A10D47 /* MonthWeekSpreadView.swift */,
				32F995903B5F6C8D7427A34C /* NotesSpreadView.swift */,
				11E0B711A412B754B684BEE7 /* PlanningSpreadView.swift */,
			);
			path = Spreads;
			sourceTree = "<group>";
		};
		570F0316BD7C3476ED6D221D /* Core */ = {
			isa = PBXGroup;
			children = (
				631B7F7A15570C0A037975CA /* CalendarMath.swift */,
				8FAC6C7C8DD568D9FE48102F /* Color+Hex.swift */,
				CC0809794E013A1894A3280E /* PlannerModels.swift */,
				260734B52A056A18E50C94D0 /* PlannerStore.swift */,
				71F7EBC9983DE161545F962C /* PlannerTheme.swift */,
			);
			path = Core;
			sourceTree = "<group>";
		};
		81BEEBAE99CDE5E61ED64CCE /* Shared */ = {
			isa = PBXGroup;
			children = (
				3DAE4C2F094469D909E1615C /* DotGridBackground.swift */,
				2F8D81133CE1ACB1B8C94B08 /* MonthTabsView.swift */,
				D6E9A820D8F68725B48CF050 /* PencilInteractionBridge.swift */,
				12E7356C76FB335F15B7B71A /* PlannerStageView.swift */,
				5FBE7D2E78594C1D7BE7D34F /* RootPlannerView.swift */,
				68D3822BC5ACD67DC6318A91 /* SpreadScaffoldView.swift */,
				68CF0A7BA8475A0E8D6E2D8A /* ThreeFingerUndoGestureBridge.swift */,
				882973B39EC3ECEFA71F3726 /* WeekTabsView.swift */,
			);
			path = Shared;
			sourceTree = "<group>";
		};
		B3AB74C66EF790EA3D81CDDC /* Toolbar */ = {
			isa = PBXGroup;
			children = (
				C4D2FEF8A7007A5A2601B047 /* FloatingToolbarView.swift */,
				E08D888C7541DDDF481E4980 /* ToolbarOverflowPanel.swift */,
			);
			path = Toolbar;
			sourceTree = "<group>";
		};
		BC357D27AF55E2AFDF09A79C /* UI */ = {
			isa = PBXGroup;
			children = (
				0F5B50FEB15C1EB964DC45EF /* Canvas */,
				81BEEBAE99CDE5E61ED64CCE /* Shared */,
				32D7534FDF51B011EE554FD9 /* Spreads */,
				B3AB74C66EF790EA3D81CDDC /* Toolbar */,
			);
			path = UI;
			sourceTree = "<group>";
		};
		E99345A97E7B30F741FFCEF3 /* Products */ = {
			isa = PBXGroup;
			children = (
				2DA6A966082EA97562ABC129 /* OnPurposePlannerNative.app */,
			);
			name = Products;
			sourceTree = "<group>";
		};
		F8F9CE8018280833CD308A06 = {
			isa = PBXGroup;
			children = (
				2E477F382ECACE311DE837F3 /* OnPurposePlannerNative */,
				E99345A97E7B30F741FFCEF3 /* Products */,
			);
			sourceTree = "<group>";
		};
/* End PBXGroup section */

/* Begin PBXNativeTarget section */
		1050EC86B51C4C17A7413EB7 /* OnPurposePlannerNative */ = {
			isa = PBXNativeTarget;
			buildConfigurationList = FCBC9E9A8D8CAD39402E3707 /* Build configuration list for PBXNativeTarget "OnPurposePlannerNative" */;
			buildPhases = (
				9B69F9AB8B8E83C6B623A645 /* Sources */,
			);
			buildRules = (
			);
			dependencies = (
			);
			name = OnPurposePlannerNative;
			packageProductDependencies = (
			);
			productName = OnPurposePlannerNative;
			productReference = 2DA6A966082EA97562ABC129 /* OnPurposePlannerNative.app */;
			productType = "com.apple.product-type.application";
		};
/* End PBXNativeTarget section */

/* Begin PBXProject section */
		93DD1B2BF4C3141DE09EEC6E /* Project object */ = {
			isa = PBXProject;
			attributes = {
				BuildIndependentTargetsInParallel = YES;
				LastUpgradeCheck = 1430;
			};
			buildConfigurationList = A6C443B30912AB22102C0174 /* Build configuration list for PBXProject "OnPurposePlannerNative" */;
			compatibilityVersion = "Xcode 14.0";
			developmentRegion = en;
			hasScannedForEncodings = 0;
			knownRegions = (
				Base,
				en,
			);
			mainGroup = F8F9CE8018280833CD308A06;
			minimizedProjectReferenceProxies = 1;
			projectDirPath = "";
			projectRoot = "";
			targets = (
				1050EC86B51C4C17A7413EB7 /* OnPurposePlannerNative */,
			);
		};
/* End PBXProject section */

/* Begin PBXSourcesBuildPhase section */
		9B69F9AB8B8E83C6B623A645 /* Sources */ = {
			isa = PBXSourcesBuildPhase;
			buildActionMask = 2147483647;
			files = (
				40037BCD98AFC69BCF4BD9F1 /* CalendarMath.swift in Sources */,
				9B3F21BC8AE2E2B75C37A1D4 /* Color+Hex.swift in Sources */,
				343E824C17EBE4BADF04070C /* DotGridBackground.swift in Sources */,
				C2A4E1E7AF32D852F64F0B04 /* FloatingToolbarView.swift in Sources */,
				85B3056EA884CA2A170F8F68 /* InkCanvasView.swift in Sources */,
				E15D4DF1F0BDF34141A66690 /* MonthTabsView.swift in Sources */,
				E10D98874FA600B097011D9D /* MonthWeekSpreadView.swift in Sources */,
				8CC7CE04C47AC2B5F9656875 /* NotesSpreadView.swift in Sources */,
				F264C81CB372E0790D5A1AD6 /* PageInteractionLayer.swift in Sources */,
				CA9DF6B743E3911D9A2E0B8C /* PencilInteractionBridge.swift in Sources */,
				0312408AE3743277C67B9D9D /* PlannerModels.swift in Sources */,
				C994866F4C43300AB6F3A586 /* PlannerNativeApp.swift in Sources */,
				61C98F7960D913A398A6C4F7 /* PlannerPageSurface.swift in Sources */,
				C4DF1A27584C24CB20C42880 /* PlannerStageView.swift in Sources */,
				ABCED5A6B30EB690A82E6E4E /* PlannerStore.swift in Sources */,
				3FE28F86434E5ED196E6A367 /* PlannerTheme.swift in Sources */,
				FC9F0FB05E2EE710C0D7F9A6 /* PlanningSpreadView.swift in Sources */,
				19930864D32F6AD6B6B9DFB0 /* RootPlannerView.swift in Sources */,
				22713CC0EB139036B402ED91 /* SpreadScaffoldView.swift in Sources */,
				D7BD137EE309A52DF4FA1387 /* StickyNoteView.swift in Sources */,
				AC86E4D3586CB5F9B966A381 /* ThreeFingerUndoGestureBridge.swift in Sources */,
				0BBA4E993593BBC6C84DB8EF /* ToolbarOverflowPanel.swift in Sources */,
				7C61931018C472B582639200 /* WeekTabsView.swift in Sources */,
			);
			runOnlyForDeploymentPostprocessing = 0;
		};
/* End PBXSourcesBuildPhase section */

/* Begin XCBuildConfiguration section */
		452148734584AB483972ED3F /* Release */ = {
			isa = XCBuildConfiguration;
			buildSettings = {
				ALWAYS_SEARCH_USER_PATHS = NO;
				CLANG_ANALYZER_NONNULL = YES;
				CLANG_ANALYZER_NUMBER_OBJECT_CONVERSION = YES_AGGRESSIVE;
				CLANG_CXX_LANGUAGE_STANDARD = "gnu++14";
				CLANG_CXX_LIBRARY = "libc++";
				CLANG_ENABLE_MODULES = YES;
				CLANG_ENABLE_OBJC_ARC = YES;
				CLANG_ENABLE_OBJC_WEAK = YES;
				CLANG_WARN_BLOCK_CAPTURE_AUTORELEASING = YES;
				CLANG_WARN_BOOL_CONVERSION = YES;
				CLANG_WARN_COMMA = YES;
				CLANG_WARN_CONSTANT_CONVERSION = YES;
				CLANG_WARN_DEPRECATED_OBJC_IMPLEMENTATIONS = YES;
				CLANG_WARN_DIRECT_OBJC_ISA_USAGE = YES_ERROR;
				CLANG_WARN_DOCUMENTATION_COMMENTS = YES;
				CLANG_WARN_EMPTY_BODY = YES;
				CLANG_WARN_ENUM_CONVERSION = YES;
				CLANG_WARN_INFINITE_RECURSION = YES;
				CLANG_WARN_INT_CONVERSION = YES;
				CLANG_WARN_NON_LITERAL_NULL_CONVERSION = YES;
				CLANG_WARN_OBJC_IMPLICIT_RETAIN_SELF = YES;
				CLANG_WARN_OBJC_LITERAL_CONVERSION = YES;
				CLANG_WARN_OBJC_ROOT_CLASS = YES_ERROR;
				CLANG_WARN_QUOTED_INCLUDE_IN_FRAMEWORK_HEADER = YES;
				CLANG_WARN_RANGE_LOOP_ANALYSIS = YES;
				CLANG_WARN_STRICT_PROTOTYPES = YES;
				CLANG_WARN_SUSPICIOUS_MOVE = YES;
				CLANG_WARN_UNGUARDED_AVAILABILITY = YES_AGGRESSIVE;
				CLANG_WARN_UNREACHABLE_CODE = YES;
				CLANG_WARN__DUPLICATE_METHOD_MATCH = YES;
				COPY_PHASE_STRIP = NO;
				DEBUG_INFORMATION_FORMAT = "dwarf-with-dsym";
				ENABLE_NS_ASSERTIONS = NO;
				ENABLE_STRICT_OBJC_MSGSEND = YES;
				GCC_C_LANGUAGE_STANDARD = gnu11;
				GCC_NO_COMMON_BLOCKS = YES;
				GCC_WARN_64_TO_32_BIT_CONVERSION = YES;
				GCC_WARN_ABOUT_RETURN_TYPE = YES_ERROR;
				GCC_WARN_UNDECLARED_SELECTOR = YES;
				GCC_WARN_UNINITIALIZED_AUTOS = YES_AGGRESSIVE;
				GCC_WARN_UNUSED_FUNCTION = YES;
				GCC_WARN_UNUSED_VARIABLE = YES;
				IPHONEOS_DEPLOYMENT_TARGET = 17.0;
				MTL_ENABLE_DEBUG_INFO = NO;
				MTL_FAST_MATH = YES;
				PRODUCT_NAME = "$(TARGET_NAME)";
				SDKROOT = iphoneos;
				SWIFT_COMPILATION_MODE = wholemodule;
				SWIFT_OPTIMIZATION_LEVEL = "-O";
				SWIFT_VERSION = 5.0;
			};
			name = Release;
		};
		8BBDBCC1A1622B5D31B3623B /* Debug */ = {
			isa = XCBuildConfiguration;
			buildSettings = {
				ASSETCATALOG_COMPILER_APPICON_NAME = AppIcon;
				CODE_SIGN_IDENTITY = "iPhone Developer";
				DEVELOPMENT_TEAM = 286LKF859M;
				GENERATE_INFOPLIST_FILE = NO;
				INFOPLIST_FILE = OnPurposePlannerNative/Info.plist;
				IPHONEOS_DEPLOYMENT_TARGET = 17.0;
				LD_RUNPATH_SEARCH_PATHS = (
					"$(inherited)",
					"@executable_path/Frameworks",
				);
				PRODUCT_BUNDLE_IDENTIFIER = com.dustinschaaf.onpurposeplanner.native;
				SDKROOT = iphoneos;
				SWIFT_VERSION = 5.1;
				TARGETED_DEVICE_FAMILY = 2;
			};
			name = Debug;
		};
		8F4A17BADBB60667C075CA71 /* Release */ = {
			isa = XCBuildConfiguration;
			buildSettings = {
				ASSETCATALOG_COMPILER_APPICON_NAME = AppIcon;
				CODE_SIGN_IDENTITY = "iPhone Developer";
				DEVELOPMENT_TEAM = 286LKF859M;
				GENERATE_INFOPLIST_FILE = NO;
				INFOPLIST_FILE = OnPurposePlannerNative/Info.plist;
				IPHONEOS_DEPLOYMENT_TARGET = 17.0;
				LD_RUNPATH_SEARCH_PATHS = (
					"$(inherited)",
					"@executable_path/Frameworks",
				);
				PRODUCT_BUNDLE_IDENTIFIER = com.dustinschaaf.onpurposeplanner.native;
				SDKROOT = iphoneos;
				SWIFT_VERSION = 5.1;
				TARGETED_DEVICE_FAMILY = 2;
			};
			name = Release;
		};
		F342181E000A0BC4BEE2CED1 /* Debug */ = {
			isa = XCBuildConfiguration;
			buildSettings = {
				ALWAYS_SEARCH_USER_PATHS = NO;
				CLANG_ANALYZER_NONNULL = YES;
				CLANG_ANALYZER_NUMBER_OBJECT_CONVERSION = YES_AGGRESSIVE;
				CLANG_CXX_LANGUAGE_STANDARD = "gnu++14";
				CLANG_CXX_LIBRARY = "libc++";
				CLANG_ENABLE_MODULES = YES;
				CLANG_ENABLE_OBJC_ARC = YES;
				CLANG_ENABLE_OBJC_WEAK = YES;
				CLANG_WARN_BLOCK_CAPTURE_AUTORELEASING = YES;
				CLANG_WARN_BOOL_CONVERSION = YES;
				CLANG_WARN_COMMA = YES;
				CLANG_WARN_CONSTANT_CONVERSION = YES;
				CLANG_WARN_DEPRECATED_OBJC_IMPLEMENTATIONS = YES;
				CLANG_WARN_DIRECT_OBJC_ISA_USAGE = YES_ERROR;
				CLANG_WARN_DOCUMENTATION_COMMENTS = YES;
				CLANG_WARN_EMPTY_BODY = YES;
				CLANG_WARN_ENUM_CONVERSION = YES;
				CLANG_WARN_INFINITE_RECURSION = YES;
				CLANG_WARN_INT_CONVERSION = YES;
				CLANG_WARN_NON_LITERAL_NULL_CONVERSION = YES;
				CLANG_WARN_OBJC_IMPLICIT_RETAIN_SELF = YES;
				CLANG_WARN_OBJC_LITERAL_CONVERSION = YES;
				CLANG_WARN_OBJC_ROOT_CLASS = YES_ERROR;
				CLANG_WARN_QUOTED_INCLUDE_IN_FRAMEWORK_HEADER = YES;
				CLANG_WARN_RANGE_LOOP_ANALYSIS = YES;
				CLANG_WARN_STRICT_PROTOTYPES = YES;
				CLANG_WARN_SUSPICIOUS_MOVE = YES;
				CLANG_WARN_UNGUARDED_AVAILABILITY = YES_AGGRESSIVE;
				CLANG_WARN_UNREACHABLE_CODE = YES;
				CLANG_WARN__DUPLICATE_METHOD_MATCH = YES;
				COPY_PHASE_STRIP = NO;
				DEBUG_INFORMATION_FORMAT = dwarf;
				ENABLE_STRICT_OBJC_MSGSEND = YES;
				ENABLE_TESTABILITY = YES;
				GCC_C_LANGUAGE_STANDARD = gnu11;
				GCC_DYNAMIC_NO_PIC = NO;
				GCC_NO_COMMON_BLOCKS = YES;
				GCC_OPTIMIZATION_LEVEL = 0;
				GCC_PREPROCESSOR_DEFINITIONS = (
					"$(inherited)",
					"DEBUG=1",
				);
				GCC_WARN_64_TO_32_BIT_CONVERSION = YES;
				GCC_WARN_ABOUT_RETURN_TYPE = YES_ERROR;
				GCC_WARN_UNDECLARED_SELECTOR = YES;
				GCC_WARN_UNINITIALIZED_AUTOS = YES_AGGRESSIVE;
				GCC_WARN_UNUSED_FUNCTION = YES;
				GCC_WARN_UNUSED_VARIABLE = YES;
				IPHONEOS_DEPLOYMENT_TARGET = 17.0;
				MTL_ENABLE_DEBUG_INFO = INCLUDE_SOURCE;
				MTL_FAST_MATH = YES;
				ONLY_ACTIVE_ARCH = YES;
				PRODUCT_NAME = "$(TARGET_NAME)";
				SDKROOT = iphoneos;
				SWIFT_ACTIVE_COMPILATION_CONDITIONS = DEBUG;
				SWIFT_OPTIMIZATION_LEVEL = "-Onone";
				SWIFT_VERSION = 5.0;
			};
			name = Debug;
		};
/* End XCBuildConfiguration section */

/* Begin XCConfigurationList section */
		A6C443B30912AB22102C0174 /* Build configuration list for PBXProject "OnPurposePlannerNative" */ = {
			isa = XCConfigurationList;
			buildConfigurations = (
				F342181E000A0BC4BEE2CED1 /* Debug */,
				452148734584AB483972ED3F /* Release */,
			);
			defaultConfigurationIsVisible = 0;
			defaultConfigurationName = Debug;
		};
		FCBC9E9A8D8CAD39402E3707 /* Build configuration list for PBXNativeTarget "OnPurposePlannerNative" */ = {
			isa = XCConfigurationList;
			buildConfigurations = (
				8BBDBCC1A1622B5D31B3623B /* Debug */,
				8F4A17BADBB60667C075CA71 /* Release */,
			);
			defaultConfigurationIsVisible = 0;
			defaultConfigurationName = Debug;
		};
/* End XCConfigurationList section */
	};
	rootObject = 93DD1B2BF4C3141DE09EEC6E /* Project object */;
}
